// !$*UTF8*$!
{
	archiveVersion = 1;
	classes = {
	};
	objectVersion = 46;
	objects = {

/* Begin PBXBuildFile section */
		39034E461E69B4BA00B364DC /* SwiftMachineLearningLibrary.framework in Frameworks */ = {isa = PBXBuildFile; fileRef = 39034E441E69B47B00B364DC /* SwiftMachineLearningLibrary.framework */; };
		39034E471E69B4BA00B364DC /* SwiftMachineLearningLibrary.framework in Embed Frameworks */ = {isa = PBXBuildFile; fileRef = 39034E441E69B47B00B364DC /* SwiftMachineLearningLibrary.framework */; settings = {ATTRIBUTES = (CodeSignOnCopy, RemoveHeadersOnCopy, ); }; };
		39034E4C1E69B4D900B364DC /* NetworksTableViewController.swift in Sources */ = {isa = PBXBuildFile; fileRef = 39034E4B1E69B4D900B364DC /* NetworksTableViewController.swift */; };
		39034E4E1E69B57400B364DC /* NetworkList.swift in Sources */ = {isa = PBXBuildFile; fileRef = 39034E4D1E69B57400B364DC /* NetworkList.swift */; };
		39034E511E69BB1300B364DC /* CreateNetworkTableViewController.swift in Sources */ = {isa = PBXBuildFile; fileRef = 39034E501E69BB1300B364DC /* CreateNetworkTableViewController.swift */; };
		39034E551E69BDDA00B364DC /* ListDelegate.swift in Sources */ = {isa = PBXBuildFile; fileRef = 39034E541E69BDDA00B364DC /* ListDelegate.swift */; };
		391BF4E51E6C296400B8EA37 /* DigitImagePrepocessor.swift in Sources */ = {isa = PBXBuildFile; fileRef = 391BF4E41E6C296400B8EA37 /* DigitImagePrepocessor.swift */; };
		395616891E6AD35300538DA5 /* SetupTrainingTableViewController.swift in Sources */ = {isa = PBXBuildFile; fileRef = 395616881E6AD35300538DA5 /* SetupTrainingTableViewController.swift */; };
		3956168D1E6AD70E00538DA5 /* TrainingViewController.swift in Sources */ = {isa = PBXBuildFile; fileRef = 3956168C1E6AD70E00538DA5 /* TrainingViewController.swift */; };
		3971D0C61E660F2C0042B694 /* AppDelegate.swift in Sources */ = {isa = PBXBuildFile; fileRef = 3971D0C51E660F2C0042B694 /* AppDelegate.swift */; };
		3971D0CD1E660F2C0042B694 /* Main.storyboard in Resources */ = {isa = PBXBuildFile; fileRef = 3971D0CB1E660F2C0042B694 /* Main.storyboard */; };
		3971D0CF1E660F2C0042B694 /* Assets.xcassets in Resources */ = {isa = PBXBuildFile; fileRef = 3971D0CE1E660F2C0042B694 /* Assets.xcassets */; };
		3971D0D21E660F2C0042B694 /* LaunchScreen.storyboard in Resources */ = {isa = PBXBuildFile; fileRef = 3971D0D01E660F2C0042B694 /* LaunchScreen.storyboard */; };
		3971D0DA1E6612850042B694 /* DataSetsTableViewController.swift in Sources */ = {isa = PBXBuildFile; fileRef = 3971D0D91E6612850042B694 /* DataSetsTableViewController.swift */; };
		3971D0DC1E66164C0042B694 /* DrawingView.swift in Sources */ = {isa = PBXBuildFile; fileRef = 3971D0DB1E66164C0042B694 /* DrawingView.swift */; };
		398F85571E683470005E1F87 /* DigitImageExtension.swift in Sources */ = {isa = PBXBuildFile; fileRef = 398F85561E683470005E1F87 /* DigitImageExtension.swift */; };
		398F85591E683BB8005E1F87 /* DigitsDataSet.swift in Sources */ = {isa = PBXBuildFile; fileRef = 398F85581E683BB8005E1F87 /* DigitsDataSet.swift */; };
		398F855B1E687BFE005E1F87 /* CreateDataSetTableViewController.swift in Sources */ = {isa = PBXBuildFile; fileRef = 398F855A1E687BFE005E1F87 /* CreateDataSetTableViewController.swift */; };
		39CEC1E01E66F02D0094AC30 /* PixelFillBitmap.swift in Sources */ = {isa = PBXBuildFile; fileRef = 39CEC1DF1E66F02D0094AC30 /* PixelFillBitmap.swift */; };
		39E6276B1E6A22C600846ABC /* UseNetworkViewController.swift in Sources */ = {isa = PBXBuildFile; fileRef = 39E6276A1E6A22C600846ABC /* UseNetworkViewController.swift */; };
		39F77B961E6622DC00BC8A98 /* EnterDigitsViewController.swift in Sources */ = {isa = PBXBuildFile; fileRef = 39F77B951E6622DC00BC8A98 /* EnterDigitsViewController.swift */; };
/* End PBXBuildFile section */

/* Begin PBXContainerItemProxy section */
		39034E3F1E69B47B00B364DC /* PBXContainerItemProxy */ = {
			isa = PBXContainerItemProxy;
			containerPortal = 39034E391E69B47B00B364DC /* SwiftMachineLearningLibrary.xcodeproj */;
			proxyType = 2;
			remoteGlobalIDString = 394500111CEA097400532153;
			remoteInfo = "SwiftMachineLearningLibrary Mac";
		};
		39034E411E69B47B00B364DC /* PBXContainerItemProxy */ = {
			isa = PBXContainerItemProxy;
			containerPortal = 39034E391E69B47B00B364DC /* SwiftMachineLearningLibrary.xcodeproj */;
			proxyType = 2;
			remoteGlobalIDString = 3945001B1CEA097400532153;
			remoteInfo = SwiftMachineLearningLibraryTests;
		};
		39034E431E69B47B00B364DC /* PBXContainerItemProxy */ = {
			isa = PBXContainerItemProxy;
			containerPortal = 39034E391E69B47B00B364DC /* SwiftMachineLearningLibrary.xcodeproj */;
			proxyType = 2;
			remoteGlobalIDString = 3960DB491D018B45004A5349;
			remoteInfo = "SwiftMachineLearningLibrary iOS";
		};
		39034E481E69B4BA00B364DC /* PBXContainerItemProxy */ = {
			isa = PBXContainerItemProxy;
			containerPortal = 39034E391E69B47B00B364DC /* SwiftMachineLearningLibrary.xcodeproj */;
			proxyType = 1;
			remoteGlobalIDString = 3960DB481D018B45004A5349;
			remoteInfo = "SwiftMachineLearningLibrary iOS";
		};
/* End PBXContainerItemProxy section */

/* Begin PBXCopyFilesBuildPhase section */
		39034E4A1E69B4BA00B364DC /* Embed Frameworks */ = {
			isa = PBXCopyFilesBuildPhase;
			buildActionMask = 2147483647;
			dstPath = "";
			dstSubfolderSpec = 10;
			files = (
				39034E471E69B4BA00B364DC /* SwiftMachineLearningLibrary.framework in Embed Frameworks */,
			);
			name = "Embed Frameworks";
			runOnlyForDeploymentPostprocessing = 0;
		};
/* End PBXCopyFilesBuildPhase section */

/* Begin PBXFileReference section */
		39034E391E69B47B00B364DC /* SwiftMachineLearningLibrary.xcodeproj */ = {isa = PBXFileReference; lastKnownFileType = "wrapper.pb-project"; name = SwiftMachineLearningLibrary.xcodeproj; path = ../../SwiftMachineLearningLibrary/SwiftMachineLearningLibrary.xcodeproj; sourceTree = "<group>"; };
		39034E4B1E69B4D900B364DC /* NetworksTableViewController.swift */ = {isa = PBXFileReference; fileEncoding = 4; lastKnownFileType = sourcecode.swift; path = NetworksTableViewController.swift; sourceTree = "<group>"; };
		39034E4D1E69B57400B364DC /* NetworkList.swift */ = {isa = PBXFileReference; fileEncoding = 4; lastKnownFileType = sourcecode.swift; path = NetworkList.swift; sourceTree = "<group>"; };
		39034E501E69BB1300B364DC /* CreateNetworkTableViewController.swift */ = {isa = PBXFileReference; fileEncoding = 4; lastKnownFileType = sourcecode.swift; path = CreateNetworkTableViewController.swift; sourceTree = "<group>"; };
		39034E541E69BDDA00B364DC /* ListDelegate.swift */ = {isa = PBXFileReference; fileEncoding = 4; lastKnownFileType = sourcecode.swift; path = ListDelegate.swift; sourceTree = "<group>"; };
		391BF4E41E6C296400B8EA37 /* DigitImagePrepocessor.swift */ = {isa = PBXFileReference; fileEncoding = 4; lastKnownFileType = sourcecode.swift; path = DigitImagePrepocessor.swift; sourceTree = "<group>"; };
		395616881E6AD35300538DA5 /* SetupTrainingTableViewController.swift */ = {isa = PBXFileReference; fileEncoding = 4; lastKnownFileType = sourcecode.swift; path = SetupTrainingTableViewController.swift; sourceTree = "<group>"; };
		3956168C1E6AD70E00538DA5 /* TrainingViewController.swift */ = {isa = PBXFileReference; fileEncoding = 4; lastKnownFileType = sourcecode.swift; path = TrainingViewController.swift; sourceTree = "<group>"; };
		3971D0C21E660F2C0042B694 /* DigitRecognition.app */ = {isa = PBXFileReference; explicitFileType = wrapper.application; includeInIndex = 0; path = DigitRecognition.app; sourceTree = BUILT_PRODUCTS_DIR; };
		3971D0C51E660F2C0042B694 /* AppDelegate.swift */ = {isa = PBXFileReference; lastKnownFileType = sourcecode.swift; path = AppDelegate.swift; sourceTree = "<group>"; };
		3971D0CC1E660F2C0042B694 /* Base */ = {isa = PBXFileReference; lastKnownFileType = file.storyboard; name = Base; path = Base.lproj/Main.storyboard; sourceTree = "<group>"; };
		3971D0CE1E660F2C0042B694 /* Assets.xcassets */ = {isa = PBXFileReference; lastKnownFileType = folder.assetcatalog; path = Assets.xcassets; sourceTree = "<group>"; };
		3971D0D11E660F2C0042B694 /* Base */ = {isa = PBXFileReference; lastKnownFileType = file.storyboard; name = Base; path = Base.lproj/LaunchScreen.storyboard; sourceTree = "<group>"; };
		3971D0D31E660F2C0042B694 /* Info.plist */ = {isa = PBXFileReference; lastKnownFileType = text.plist.xml; path = Info.plist; sourceTree = "<group>"; };
		3971D0D91E6612850042B694 /* DataSetsTableViewController.swift */ = {isa = PBXFileReference; fileEncoding = 4; lastKnownFileType = sourcecode.swift; path = DataSetsTableViewController.swift; sourceTree = "<group>"; };
		3971D0DB1E66164C0042B694 /* DrawingView.swift */ = {isa = PBXFileReference; fileEncoding = 4; lastKnownFileType = sourcecode.swift; path = DrawingView.swift; sourceTree = "<group>"; };
		398F85561E683470005E1F87 /* DigitImageExtension.swift */ = {isa = PBXFileReference; fileEncoding = 4; lastKnownFileType = sourcecode.swift; path = DigitImageExtension.swift; sourceTree = "<group>"; };
		398F85581E683BB8005E1F87 /* DigitsDataSet.swift */ = {isa = PBXFileReference; fileEncoding = 4; lastKnownFileType = sourcecode.swift; path = DigitsDataSet.swift; sourceTree = "<group>"; };
		398F855A1E687BFE005E1F87 /* CreateDataSetTableViewController.swift */ = {isa = PBXFileReference; fileEncoding = 4; lastKnownFileType = sourcecode.swift; path = CreateDataSetTableViewController.swift; sourceTree = "<group>"; };
		39CEC1DF1E66F02D0094AC30 /* PixelFillBitmap.swift */ = {isa = PBXFileReference; fileEncoding = 4; lastKnownFileType = sourcecode.swift; path = PixelFillBitmap.swift; sourceTree = "<group>"; };
		39E6276A1E6A22C600846ABC /* UseNetworkViewController.swift */ = {isa = PBXFileReference; fileEncoding = 4; lastKnownFileType = sourcecode.swift; path = UseNetworkViewController.swift; sourceTree = "<group>"; };
		39F77B951E6622DC00BC8A98 /* EnterDigitsViewController.swift */ = {isa = PBXFileReference; fileEncoding = 4; lastKnownFileType = sourcecode.swift; path = EnterDigitsViewController.swift; sourceTree = "<group>"; };
/* End PBXFileReference section */

/* Begin PBXFrameworksBuildPhase section */
		3971D0BF1E660F2C0042B694 /* Frameworks */ = {
			isa = PBXFrameworksBuildPhase;
			buildActionMask = 2147483647;
			files = (
				39034E461E69B4BA00B364DC /* SwiftMachineLearningLibrary.framework in Frameworks */,
			);
			runOnlyForDeploymentPostprocessing = 0;
		};
/* End PBXFrameworksBuildPhase section */

/* Begin PBXGroup section */
		39034E3A1E69B47B00B364DC /* Products */ = {
			isa = PBXGroup;
			children = (
				39034E401E69B47B00B364DC /* SwiftMachineLearningLibrary.framework */,
				39034E421E69B47B00B364DC /* SwiftMachineLearningLibraryTests.xctest */,
				39034E441E69B47B00B364DC /* SwiftMachineLearningLibrary.framework */,
			);
			name = Products;
			sourceTree = "<group>";
		};
		3971D0B91E660F2C0042B694 = {
			isa = PBXGroup;
			children = (
				39034E391E69B47B00B364DC /* SwiftMachineLearningLibrary.xcodeproj */,
				3971D0C41E660F2C0042B694 /* DigitRecognition */,
				3971D0C31E660F2C0042B694 /* Products */,
			);
			sourceTree = "<group>";
		};
		3971D0C31E660F2C0042B694 /* Products */ = {
			isa = PBXGroup;
			children = (
				3971D0C21E660F2C0042B694 /* DigitRecognition.app */,
			);
			name = Products;
			sourceTree = "<group>";
		};
		3971D0C41E660F2C0042B694 /* DigitRecognition */ = {
			isa = PBXGroup;
			children = (
				3971D0C51E660F2C0042B694 /* AppDelegate.swift */,
				39034E4B1E69B4D900B364DC /* NetworksTableViewController.swift */,
				39034E501E69BB1300B364DC /* CreateNetworkTableViewController.swift */,
				39E6276A1E6A22C600846ABC /* UseNetworkViewController.swift */,
				395616881E6AD35300538DA5 /* SetupTrainingTableViewController.swift */,
				3956168C1E6AD70E00538DA5 /* TrainingViewController.swift */,
				39034E541E69BDDA00B364DC /* ListDelegate.swift */,
				39034E4D1E69B57400B364DC /* NetworkList.swift */,
				391BF4E41E6C296400B8EA37 /* DigitImagePrepocessor.swift */,
				3971D0D91E6612850042B694 /* DataSetsTableViewController.swift */,
				398F855A1E687BFE005E1F87 /* CreateDataSetTableViewController.swift */,
				3971D0DB1E66164C0042B694 /* DrawingView.swift */,
				39F77B951E6622DC00BC8A98 /* EnterDigitsViewController.swift */,
				39CEC1DF1E66F02D0094AC30 /* PixelFillBitmap.swift */,
				398F85561E683470005E1F87 /* DigitImageExtension.swift */,
				398F85581E683BB8005E1F87 /* DigitsDataSet.swift */,
				3971D0CB1E660F2C0042B694 /* Main.storyboard */,
				3971D0CE1E660F2C0042B694 /* Assets.xcassets */,
				3971D0D01E660F2C0042B694 /* LaunchScreen.storyboard */,
				3971D0D31E660F2C0042B694 /* Info.plist */,
			);
			path = DigitRecognition;
			sourceTree = "<group>";
		};
/* End PBXGroup section */

/* Begin PBXNativeTarget section */
		3971D0C11E660F2C0042B694 /* DigitRecognition */ = {
			isa = PBXNativeTarget;
			buildConfigurationList = 3971D0D61E660F2C0042B694 /* Build configuration list for PBXNativeTarget "DigitRecognition" */;
			buildPhases = (
				3971D0BE1E660F2C0042B694 /* Sources */,
				3971D0BF1E660F2C0042B694 /* Frameworks */,
				3971D0C01E660F2C0042B694 /* Resources */,
				39034E4A1E69B4BA00B364DC /* Embed Frameworks */,
			);
			buildRules = (
			);
			dependencies = (
				39034E491E69B4BA00B364DC /* PBXTargetDependency */,
			);
			name = DigitRecognition;
			productName = DigitRecognition;
			productReference = 3971D0C21E660F2C0042B694 /* DigitRecognition.app */;
			productType = "com.apple.product-type.application";
		};
/* End PBXNativeTarget section */

/* Begin PBXProject section */
		3971D0BA1E660F2C0042B694 /* Project object */ = {
			isa = PBXProject;
			attributes = {
				LastSwiftUpdateCheck = 0820;
				LastUpgradeCheck = 0820;
				ORGANIZATIONNAME = "Felix Opolka";
				TargetAttributes = {
					3971D0C11E660F2C0042B694 = {
						CreatedOnToolsVersion = 8.2.1;
						DevelopmentTeam = 5EC6W8CYUH;
						ProvisioningStyle = Automatic;
					};
				};
			};
			buildConfigurationList = 3971D0BD1E660F2C0042B694 /* Build configuration list for PBXProject "DigitRecognition" */;
			compatibilityVersion = "Xcode 3.2";
			developmentRegion = English;
			hasScannedForEncodings = 0;
			knownRegions = (
				en,
				Base,
			);
			mainGroup = 3971D0B91E660F2C0042B694;
			productRefGroup = 3971D0C31E660F2C0042B694 /* Products */;
			projectDirPath = "";
			projectReferences = (
				{
					ProductGroup = 39034E3A1E69B47B00B364DC /* Products */;
					ProjectRef = 39034E391E69B47B00B364DC /* SwiftMachineLearningLibrary.xcodeproj */;
				},
			);
			projectRoot = "";
			targets = (
				3971D0C11E660F2C0042B694 /* DigitRecognition */,
			);
		};
/* End PBXProject section */

/* Begin PBXReferenceProxy section */
		39034E401E69B47B00B364DC /* SwiftMachineLearningLibrary.framework */ = {
			isa = PBXReferenceProxy;
			fileType = wrapper.framework;
			path = SwiftMachineLearningLibrary.framework;
			remoteRef = 39034E3F1E69B47B00B364DC /* PBXContainerItemProxy */;
			sourceTree = BUILT_PRODUCTS_DIR;
		};
		39034E421E69B47B00B364DC /* SwiftMachineLearningLibraryTests.xctest */ = {
			isa = PBXReferenceProxy;
			fileType = wrapper.cfbundle;
			path = SwiftMachineLearningLibraryTests.xctest;
			remoteRef = 39034E411E69B47B00B364DC /* PBXContainerItemProxy */;
			sourceTree = BUILT_PRODUCTS_DIR;
		};
		39034E441E69B47B00B364DC /* SwiftMachineLearningLibrary.framework */ = {
			isa = PBXReferenceProxy;
			fileType = wrapper.framework;
			path = SwiftMachineLearningLibrary.framework;
			remoteRef = 39034E431E69B47B00B364DC /* PBXContainerItemProxy */;
			sourceTree = BUILT_PRODUCTS_DIR;
		};
/* End PBXReferenceProxy section */

/* Begin PBXResourcesBuildPhase section */
		3971D0C01E660F2C0042B694 /* Resources */ = {
			isa = PBXResourcesBuildPhase;
			buildActionMask = 2147483647;
			files = (
				3971D0D21E660F2C0042B694 /* LaunchScreen.storyboard in Resources */,
				3971D0CF1E660F2C0042B694 /* Assets.xcassets in Resources */,
				3971D0CD1E660F2C0042B694 /* Main.storyboard in Resources */,
			);
			runOnlyForDeploymentPostprocessing = 0;
		};
/* End PBXResourcesBuildPhase section */

/* Begin PBXSourcesBuildPhase section */
		3971D0BE1E660F2C0042B694 /* Sources */ = {
			isa = PBXSourcesBuildPhase;
			buildActionMask = 2147483647;
			files = (
				39034E4C1E69B4D900B364DC /* NetworksTableViewController.swift in Sources */,
				3971D0DA1E6612850042B694 /* DataSetsTableViewController.swift in Sources */,
				3956168D1E6AD70E00538DA5 /* TrainingViewController.swift in Sources */,
				3971D0DC1E66164C0042B694 /* DrawingView.swift in Sources */,
				39034E551E69BDDA00B364DC /* ListDelegate.swift in Sources */,
				39F77B961E6622DC00BC8A98 /* EnterDigitsViewController.swift in Sources */,
				39034E4E1E69B57400B364DC /* NetworkList.swift in Sources */,
				395616891E6AD35300538DA5 /* SetupTrainingTableViewController.swift in Sources */,
				398F855B1E687BFE005E1F87 /* CreateDataSetTableViewController.swift in Sources */,
				39034E511E69BB1300B364DC /* CreateNetworkTableViewController.swift in Sources */,
				398F85591E683BB8005E1F87 /* DigitsDataSet.swift in Sources */,
				39CEC1E01E66F02D0094AC30 /* PixelFillBitmap.swift in Sources */,
				398F85571E683470005E1F87 /* DigitImageExtension.swift in Sources */,
				3971D0C61E660F2C0042B694 /* AppDelegate.swift in Sources */,
				39E6276B1E6A22C600846ABC /* UseNetworkViewController.swift in Sources */,
				391BF4E51E6C296400B8EA37 /* DigitImagePrepocessor.swift in Sources */,
			);
			runOnlyForDeploymentPostprocessing = 0;
		};
/* End PBXSourcesBuildPhase section */

/* Begin PBXTargetDependency section */
		39034E491E69B4BA00B364DC /* PBXTargetDependency */ = {
			isa = PBXTargetDependency;
			name = "SwiftMachineLearningLibrary iOS";
			targetProxy = 39034E481E69B4BA00B364DC /* PBXContainerItemProxy */;
		};
/* End PBXTargetDependency section */

/* Begin PBXVariantGroup section */
		3971D0CB1E660F2C0042B694 /* Main.storyboard */ = {
			isa = PBXVariantGroup;
			children = (
				3971D0CC1E660F2C0042B694 /* Base */,
			);
			name = Main.storyboard;
			sourceTree = "<group>";
		};
		3971D0D01E660F2C0042B694 /* LaunchScreen.storyboard */ = {
			isa = PBXVariantGroup;
			children = (
				3971D0D11E660F2C0042B694 /* Base */,
			);
			name = LaunchScreen.storyboard;
			sourceTree = "<group>";
		};
/* End PBXVariantGroup section */

/* Begin XCBuildConfiguration section */
		3971D0D41E660F2C0042B694 /* Debug */ = {
			isa = XCBuildConfiguration;
			buildSettings = {
				ALWAYS_SEARCH_USER_PATHS = NO;
				CLANG_ANALYZER_NONNULL = YES;
				CLANG_CXX_LANGUAGE_STANDARD = "gnu++0x";
				CLANG_CXX_LIBRARY = "libc++";
				CLANG_ENABLE_MODULES = YES;
				CLANG_ENABLE_OBJC_ARC = YES;
				CLANG_WARN_BOOL_CONVERSION = YES;
				CLANG_WARN_CONSTANT_CONVERSION = YES;
				CLANG_WARN_DIRECT_OBJC_ISA_USAGE = YES_ERROR;
				CLANG_WARN_DOCUMENTATION_COMMENTS = YES;
				CLANG_WARN_EMPTY_BODY = YES;
				CLANG_WARN_ENUM_CONVERSION = YES;
				CLANG_WARN_INFINITE_RECURSION = YES;
				CLANG_WARN_INT_CONVERSION = YES;
				CLANG_WARN_OBJC_ROOT_CLASS = YES_ERROR;
				CLANG_WARN_SUSPICIOUS_MOVE = YES;
				CLANG_WARN_UNREACHABLE_CODE = YES;
				CLANG_WARN__DUPLICATE_METHOD_MATCH = YES;
				"CODE_SIGN_IDENTITY[sdk=iphoneos*]" = "iPhone Developer";
				COPY_PHASE_STRIP = NO;
				DEBUG_INFORMATION_FORMAT = dwarf;
				ENABLE_STRICT_OBJC_MSGSEND = YES;
				ENABLE_TESTABILITY = YES;
				GCC_C_LANGUAGE_STANDARD = gnu99;
				GCC_DYNAMIC_NO_PIC = NO;
				GCC_NO_COMMON_BLOCKS = YES;
				GCC_OPTIMIZATION_LEVEL = 0;
				GCC_PREPROCESSOR_DEFINITIONS = (
					"DEBUG=1",
					"$(inherited)",
				);
				GCC_WARN_64_TO_32_BIT_CONVERSION = YES;
				GCC_WARN_ABOUT_RETURN_TYPE = YES_ERROR;
				GCC_WARN_UNDECLARED_SELECTOR = YES;
				GCC_WARN_UNINITIALIZED_AUTOS = YES_AGGRESSIVE;
				GCC_WARN_UNUSED_FUNCTION = YES;
				GCC_WARN_UNUSED_VARIABLE = YES;
				IPHONEOS_DEPLOYMENT_TARGET = 10.2;
				MTL_ENABLE_DEBUG_INFO = YES;
				ONLY_ACTIVE_ARCH = YES;
				SDKROOT = iphoneos;
				SWIFT_ACTIVE_COMPILATION_CONDITIONS = DEBUG;
				SWIFT_OPTIMIZATION_LEVEL = "-Onone";
				TARGETED_DEVICE_FAMILY = "1,2";
			};
			name = Debug;
		};
		3971D0D51E660F2C0042B694 /* Release */ = {
			isa = XCBuildConfiguration;
			buildSettings = {
				ALWAYS_SEARCH_USER_PATHS = NO;
				CLANG_ANALYZER_NONNULL = YES;
				CLANG_CXX_LANGUAGE_STANDARD = "gnu++0x";
				CLANG_CXX_LIBRARY = "libc++";
				CLANG_ENABLE_MODULES = YES;
				CLANG_ENABLE_OBJC_ARC = YES;
				CLANG_WARN_BOOL_CONVERSION = YES;
				CLANG_WARN_CONSTANT_CONVERSION = YES;
				CLANG_WARN_DIRECT_OBJC_ISA_USAGE = YES_ERROR;
				CLANG_WARN_DOCUMENTATION_COMMENTS = YES;
				CLANG_WARN_EMPTY_BODY = YES;
				CLANG_WARN_ENUM_CONVERSION = YES;
				CLANG_WARN_INFINITE_RECURSION = YES;
				CLANG_WARN_INT_CONVERSION = YES;
				CLANG_WARN_OBJC_ROOT_CLASS = YES_ERROR;
				CLANG_WARN_SUSPICIOUS_MOVE = YES;
				CLANG_WARN_UNREACHABLE_CODE = YES;
				CLANG_WARN__DUPLICATE_METHOD_MATCH = YES;
				"CODE_SIGN_IDENTITY[sdk=iphoneos*]" = "iPhone Developer";
				COPY_PHASE_STRIP = NO;
				DEBUG_INFORMATION_FORMAT = "dwarf-with-dsym";
				ENABLE_NS_ASSERTIONS = NO;
				ENABLE_STRICT_OBJC_MSGSEND = YES;
				GCC_C_LANGUAGE_STANDARD = gnu99;
				GCC_NO_COMMON_BLOCKS = YES;
				GCC_WARN_64_TO_32_BIT_CONVERSION = YES;
				GCC_WARN_ABOUT_RETURN_TYPE = YES_ERROR;
				GCC_WARN_UNDECLARED_SELECTOR = YES;
				GCC_WARN_UNINITIALIZED_AUTOS = YES_AGGRESSIVE;
				GCC_WARN_UNUSED_FUNCTION = YES;
				GCC_WARN_UNUSED_VARIABLE = YES;
				IPHONEOS_DEPLOYMENT_TARGET = 10.2;
				MTL_ENABLE_DEBUG_INFO = NO;
				SDKROOT = iphoneos;
				SWIFT_OPTIMIZATION_LEVEL = "-Owholemodule";
				TARGETED_DEVICE_FAMILY = "1,2";
				VALIDATE_PRODUCT = YES;
			};
			name = Release;
		};
		3971D0D71E660F2C0042B694 /* Debug */ = {
			isa = XCBuildConfiguration;
			buildSettings = {
				ALWAYS_EMBED_SWIFT_STANDARD_LIBRARIES = YES;
				ASSETCATALOG_COMPILER_APPICON_NAME = AppIcon;
				DEVELOPMENT_TEAM = 5EC6W8CYUH;
				INFOPLIST_FILE = DigitRecognition/Info.plist;
				LD_RUNPATH_SEARCH_PATHS = "$(inherited) @executable_path/Frameworks";
				PRODUCT_BUNDLE_IDENTIFIER = com.felixopolka.DigitRecognition;
				PRODUCT_NAME = "$(TARGET_NAME)";
				SWIFT_VERSION = 3.0;
			};
			name = Debug;
		};
		3971D0D81E660F2C0042B694 /* Release */ = {
			isa = XCBuildConfiguration;
			buildSettings = {
				ALWAYS_EMBED_SWIFT_STANDARD_LIBRARIES = YES;
				ASSETCATALOG_COMPILER_APPICON_NAME = AppIcon;
				DEVELOPMENT_TEAM = 5EC6W8CYUH;
				INFOPLIST_FILE = DigitRecognition/Info.plist;
				LD_RUNPATH_SEARCH_PATHS = "$(inherited) @executable_path/Frameworks";
				PRODUCT_BUNDLE_IDENTIFIER = com.felixopolka.DigitRecognition;
				PRODUCT_NAME = "$(TARGET_NAME)";
				SWIFT_VERSION = 3.0;
			};
			name = Release;
		};
/* End XCBuildConfiguration section */

/* Begin XCConfigurationList section */
		3971D0BD1E660F2C0042B694 /* Build configuration list for PBXProject "DigitRecognition" */ = {
			isa = XCConfigurationList;
			buildConfigurations = (
				3971D0D41E660F2C0042B694 /* Debug */,
				3971D0D51E660F2C0042B694 /* Release */,
			);
			defaultConfigurationIsVisible = 0;
			defaultConfigurationName = Release;
		};
		3971D0D61E660F2C0042B694 /* Build configuration list for PBXNativeTarget "DigitRecognition" */ = {
			isa = XCConfigurationList;
			buildConfigurations = (
				3971D0D71E660F2C0042B694 /* Debug */,
				3971D0D81E660F2C0042B694 /* Release */,
			);
			defaultConfigurationIsVisible = 0;
			defaultConfigurationName = Release;
		};
/* End XCConfigurationList section */
	};
	rootObject = 3971D0BA1E660F2C0042B694 /* Project object */;
}
