// !$*UTF8*$!
{
	archiveVersion = 1;
	classes = {
	};
	objectVersion = 46;
	objects = {

/* Begin PBXBuildFile section */
		39119C001E71D4C400E999BD /* SMLLMathUtilities.swift in Sources */ = {isa = PBXBuildFile; fileRef = 39B22A481E7153F200532C07 /* SMLLMathUtilities.swift */; };
		391DF65D1E746F2E002B01DF /* SMLLNeuralNetwork.swift in Sources */ = {isa = PBXBuildFile; fileRef = 391DF65C1E746F2E002B01DF /* SMLLNeuralNetwork.swift */; };
		39320D601E782DCB009F53D4 /* SMLLActivation.swift in Sources */ = {isa = PBXBuildFile; fileRef = 39320D5F1E782DCB009F53D4 /* SMLLActivation.swift */; };
		39320D611E782DCB009F53D4 /* SMLLActivation.swift in Sources */ = {isa = PBXBuildFile; fileRef = 39320D5F1E782DCB009F53D4 /* SMLLActivation.swift */; };
		39320D631E782E6A009F53D4 /* SMLLSigmoid.swift in Sources */ = {isa = PBXBuildFile; fileRef = 39320D621E782E6A009F53D4 /* SMLLSigmoid.swift */; };
		39320D641E782E6A009F53D4 /* SMLLSigmoid.swift in Sources */ = {isa = PBXBuildFile; fileRef = 39320D621E782E6A009F53D4 /* SMLLSigmoid.swift */; };
		39320D661E782F30009F53D4 /* SMLLRectifier.swift in Sources */ = {isa = PBXBuildFile; fileRef = 39320D651E782F30009F53D4 /* SMLLRectifier.swift */; };
		39320D671E782F30009F53D4 /* SMLLRectifier.swift in Sources */ = {isa = PBXBuildFile; fileRef = 39320D651E782F30009F53D4 /* SMLLRectifier.swift */; };
		39320D691E786FD2009F53D4 /* SMLLNeuralNetworkGradientChecks.swift in Sources */ = {isa = PBXBuildFile; fileRef = 39320D681E786FD2009F53D4 /* SMLLNeuralNetworkGradientChecks.swift */; };
		3936C1901E76E3B80026DB7D /* SMLLLayerShape.swift in Sources */ = {isa = PBXBuildFile; fileRef = 3936C18F1E76E3B80026DB7D /* SMLLLayerShape.swift */; };
		3936C1911E76E4340026DB7D /* SMLLLayerShape.swift in Sources */ = {isa = PBXBuildFile; fileRef = 3936C18F1E76E3B80026DB7D /* SMLLLayerShape.swift */; };
		394500151CEA097400532153 /* SwiftMachineLearningLibrary Mac.h in Headers */ = {isa = PBXBuildFile; fileRef = 394500141CEA097400532153 /* SwiftMachineLearningLibrary Mac.h */; settings = {ATTRIBUTES = (Public, ); }; };
		3945001C1CEA097400532153 /* SwiftMachineLearningLibrary.framework in Frameworks */ = {isa = PBXBuildFile; fileRef = 394500111CEA097400532153 /* SwiftMachineLearningLibrary.framework */; };
		3945002E1CEA099400532153 /* SMLLMatrix.swift in Sources */ = {isa = PBXBuildFile; fileRef = 3945002D1CEA099400532153 /* SMLLMatrix.swift */; };
		394500301CEA09A900532153 /* SMLLOperators.swift in Sources */ = {isa = PBXBuildFile; fileRef = 3945002F1CEA09A900532153 /* SMLLOperators.swift */; };
		394500321CEA09B700532153 /* SMLLFeedforwardNeuralNetwork.swift in Sources */ = {isa = PBXBuildFile; fileRef = 394500311CEA09B700532153 /* SMLLFeedforwardNeuralNetwork.swift */; };
		394500341CEA0AF400532153 /* SMLLMatrixTests.swift in Sources */ = {isa = PBXBuildFile; fileRef = 394500331CEA0AF400532153 /* SMLLMatrixTests.swift */; };
		3960DB4C1D018B45004A5349 /* SwiftMachineLearningLibrary iOS.h in Headers */ = {isa = PBXBuildFile; fileRef = 3960DB4B1D018B45004A5349 /* SwiftMachineLearningLibrary iOS.h */; settings = {ATTRIBUTES = (Public, ); }; };
		3960DB511D018C1D004A5349 /* SMLLFeedforwardNeuralNetwork.swift in Sources */ = {isa = PBXBuildFile; fileRef = 394500311CEA09B700532153 /* SMLLFeedforwardNeuralNetwork.swift */; };
		3960DB521D018C1D004A5349 /* SMLLMatrix.swift in Sources */ = {isa = PBXBuildFile; fileRef = 3945002D1CEA099400532153 /* SMLLMatrix.swift */; };
		3960DB531D018C1D004A5349 /* SMLLOperators.swift in Sources */ = {isa = PBXBuildFile; fileRef = 3945002F1CEA09A900532153 /* SMLLOperators.swift */; };
		396690B31E6EDF4E00227155 /* SMLLShuffle.swift in Sources */ = {isa = PBXBuildFile; fileRef = 396690B21E6EDF4E00227155 /* SMLLShuffle.swift */; };
		396690B41E6EDF4E00227155 /* SMLLShuffle.swift in Sources */ = {isa = PBXBuildFile; fileRef = 396690B21E6EDF4E00227155 /* SMLLShuffle.swift */; };
		396690BC1E6F460D00227155 /* SMLLNeuralNetworkIrisDataSetTest.swift in Sources */ = {isa = PBXBuildFile; fileRef = 396690BB1E6F460D00227155 /* SMLLNeuralNetworkIrisDataSetTest.swift */; };
		396690BE1E6F4DBA00227155 /* IrisDataSet.csv in Resources */ = {isa = PBXBuildFile; fileRef = 396690BD1E6F4DBA00227155 /* IrisDataSet.csv */; };
		396724B61E6DFA1800E9DDD8 /* SMLLLayer.swift in Sources */ = {isa = PBXBuildFile; fileRef = 396724B51E6DFA1800E9DDD8 /* SMLLLayer.swift */; };
		396724BB1E6DFEF600E9DDD8 /* SMLLFullyConnectedLayer.swift in Sources */ = {isa = PBXBuildFile; fileRef = 396724BA1E6DFEF600E9DDD8 /* SMLLFullyConnectedLayer.swift */; };
		396724BC1E6DFEF600E9DDD8 /* SMLLFullyConnectedLayer.swift in Sources */ = {isa = PBXBuildFile; fileRef = 396724BA1E6DFEF600E9DDD8 /* SMLLFullyConnectedLayer.swift */; };
		396724BD1E6E0E6D00E9DDD8 /* SMLLLayer.swift in Sources */ = {isa = PBXBuildFile; fileRef = 396724B51E6DFA1800E9DDD8 /* SMLLLayer.swift */; };
		397F22881E7554DF00334D06 /* SMLLNeuralNetwork.swift in Sources */ = {isa = PBXBuildFile; fileRef = 391DF65C1E746F2E002B01DF /* SMLLNeuralNetwork.swift */; };
		39B22A461E7005B000532C07 /* SMLLConvolutionLayer.swift in Sources */ = {isa = PBXBuildFile; fileRef = 39B22A451E7005B000532C07 /* SMLLConvolutionLayer.swift */; };
		39B22A471E707C5200532C07 /* SMLLConvolutionLayer.swift in Sources */ = {isa = PBXBuildFile; fileRef = 39B22A451E7005B000532C07 /* SMLLConvolutionLayer.swift */; };
		39B22A491E7153F200532C07 /* SMLLMathUtilities.swift in Sources */ = {isa = PBXBuildFile; fileRef = 39B22A481E7153F200532C07 /* SMLLMathUtilities.swift */; };
		39B22A4B1E71997500532C07 /* SMLLMaxPoolingLayer.swift in Sources */ = {isa = PBXBuildFile; fileRef = 39B22A4A1E71997500532C07 /* SMLLMaxPoolingLayer.swift */; };
		39B22A4C1E71B14B00532C07 /* SMLLMaxPoolingLayer.swift in Sources */ = {isa = PBXBuildFile; fileRef = 39B22A4A1E71997500532C07 /* SMLLMaxPoolingLayer.swift */; };
/* End PBXBuildFile section */

/* Begin PBXContainerItemProxy section */
		3945001D1CEA097400532153 /* PBXContainerItemProxy */ = {
			isa = PBXContainerItemProxy;
			containerPortal = 394500081CEA097400532153 /* Project object */;
			proxyType = 1;
			remoteGlobalIDString = 394500101CEA097400532153;
			remoteInfo = SwiftMachineLearningLibrary;
		};
/* End PBXContainerItemProxy section */

/* Begin PBXFileReference section */
		391DF65C1E746F2E002B01DF /* SMLLNeuralNetwork.swift */ = {isa = PBXFileReference; fileEncoding = 4; lastKnownFileType = sourcecode.swift; path = SMLLNeuralNetwork.swift; sourceTree = "<group>"; };
		39320D5F1E782DCB009F53D4 /* SMLLActivation.swift */ = {isa = PBXFileReference; fileEncoding = 4; lastKnownFileType = sourcecode.swift; path = SMLLActivation.swift; sourceTree = "<group>"; };
		39320D621E782E6A009F53D4 /* SMLLSigmoid.swift */ = {isa = PBXFileReference; fileEncoding = 4; lastKnownFileType = sourcecode.swift; path = SMLLSigmoid.swift; sourceTree = "<group>"; };
		39320D651E782F30009F53D4 /* SMLLRectifier.swift */ = {isa = PBXFileReference; fileEncoding = 4; lastKnownFileType = sourcecode.swift; path = SMLLRectifier.swift; sourceTree = "<group>"; };
		39320D681E786FD2009F53D4 /* SMLLNeuralNetworkGradientChecks.swift */ = {isa = PBXFileReference; fileEncoding = 4; lastKnownFileType = sourcecode.swift; path = SMLLNeuralNetworkGradientChecks.swift; sourceTree = "<group>"; };
		3936C18F1E76E3B80026DB7D /* SMLLLayerShape.swift */ = {isa = PBXFileReference; fileEncoding = 4; lastKnownFileType = sourcecode.swift; path = SMLLLayerShape.swift; sourceTree = "<group>"; };
		394500111CEA097400532153 /* SwiftMachineLearningLibrary.framework */ = {isa = PBXFileReference; explicitFileType = wrapper.framework; includeInIndex = 0; path = SwiftMachineLearningLibrary.framework; sourceTree = BUILT_PRODUCTS_DIR; };
		394500141CEA097400532153 /* SwiftMachineLearningLibrary Mac.h */ = {isa = PBXFileReference; lastKnownFileType = sourcecode.c.h; path = "SwiftMachineLearningLibrary Mac.h"; sourceTree = "<group>"; };
		394500161CEA097400532153 /* Info.plist */ = {isa = PBXFileReference; lastKnownFileType = text.plist.xml; path = Info.plist; sourceTree = "<group>"; };
		3945001B1CEA097400532153 /* SwiftMachineLearningLibraryTests.xctest */ = {isa = PBXFileReference; explicitFileType = wrapper.cfbundle; includeInIndex = 0; path = SwiftMachineLearningLibraryTests.xctest; sourceTree = BUILT_PRODUCTS_DIR; };
		394500221CEA097400532153 /* Info.plist */ = {isa = PBXFileReference; lastKnownFileType = text.plist.xml; path = Info.plist; sourceTree = "<group>"; };
		3945002D1CEA099400532153 /* SMLLMatrix.swift */ = {isa = PBXFileReference; fileEncoding = 4; lastKnownFileType = sourcecode.swift; path = SMLLMatrix.swift; sourceTree = "<group>"; };
		3945002F1CEA09A900532153 /* SMLLOperators.swift */ = {isa = PBXFileReference; fileEncoding = 4; lastKnownFileType = sourcecode.swift; path = SMLLOperators.swift; sourceTree = "<group>"; };
		394500311CEA09B700532153 /* SMLLFeedforwardNeuralNetwork.swift */ = {isa = PBXFileReference; fileEncoding = 4; lastKnownFileType = sourcecode.swift; path = SMLLFeedforwardNeuralNetwork.swift; sourceTree = "<group>"; };
		394500331CEA0AF400532153 /* SMLLMatrixTests.swift */ = {isa = PBXFileReference; fileEncoding = 4; lastKnownFileType = sourcecode.swift; path = SMLLMatrixTests.swift; sourceTree = "<group>"; };
		3960DB491D018B45004A5349 /* SwiftMachineLearningLibrary.framework */ = {isa = PBXFileReference; explicitFileType = wrapper.framework; includeInIndex = 0; path = SwiftMachineLearningLibrary.framework; sourceTree = BUILT_PRODUCTS_DIR; };
		3960DB4B1D018B45004A5349 /* SwiftMachineLearningLibrary iOS.h */ = {isa = PBXFileReference; lastKnownFileType = sourcecode.c.h; path = "SwiftMachineLearningLibrary iOS.h"; sourceTree = "<group>"; };
		3960DB4D1D018B45004A5349 /* Info.plist */ = {isa = PBXFileReference; lastKnownFileType = text.plist.xml; path = Info.plist; sourceTree = "<group>"; };
		396690B21E6EDF4E00227155 /* SMLLShuffle.swift */ = {isa = PBXFileReference; fileEncoding = 4; lastKnownFileType = sourcecode.swift; path = SMLLShuffle.swift; sourceTree = "<group>"; };
		396690BB1E6F460D00227155 /* SMLLNeuralNetworkIrisDataSetTest.swift */ = {isa = PBXFileReference; fileEncoding = 4; lastKnownFileType = sourcecode.swift; path = SMLLNeuralNetworkIrisDataSetTest.swift; sourceTree = "<group>"; };
		396690BD1E6F4DBA00227155 /* IrisDataSet.csv */ = {isa = PBXFileReference; fileEncoding = 4; lastKnownFileType = text; path = IrisDataSet.csv; sourceTree = "<group>"; };
		396724B51E6DFA1800E9DDD8 /* SMLLLayer.swift */ = {isa = PBXFileReference; fileEncoding = 4; lastKnownFileType = sourcecode.swift; path = SMLLLayer.swift; sourceTree = "<group>"; };
		396724BA1E6DFEF600E9DDD8 /* SMLLFullyConnectedLayer.swift */ = {isa = PBXFileReference; fileEncoding = 4; lastKnownFileType = sourcecode.swift; path = SMLLFullyConnectedLayer.swift; sourceTree = "<group>"; };
		39B22A451E7005B000532C07 /* SMLLConvolutionLayer.swift */ = {isa = PBXFileReference; fileEncoding = 4; lastKnownFileType = sourcecode.swift; path = SMLLConvolutionLayer.swift; sourceTree = "<group>"; };
		39B22A481E7153F200532C07 /* SMLLMathUtilities.swift */ = {isa = PBXFileReference; fileEncoding = 4; lastKnownFileType = sourcecode.swift; path = SMLLMathUtilities.swift; sourceTree = "<group>"; };
		39B22A4A1E71997500532C07 /* SMLLMaxPoolingLayer.swift */ = {isa = PBXFileReference; fileEncoding = 4; lastKnownFileType = sourcecode.swift; path = SMLLMaxPoolingLayer.swift; sourceTree = "<group>"; };
/* End PBXFileReference section */

/* Begin PBXFrameworksBuildPhase section */
		3945000D1CEA097400532153 /* Frameworks */ = {
			isa = PBXFrameworksBuildPhase;
			buildActionMask = 2147483647;
			files = (
			);
			runOnlyForDeploymentPostprocessing = 0;
		};
		394500181CEA097400532153 /* Frameworks */ = {
			isa = PBXFrameworksBuildPhase;
			buildActionMask = 2147483647;
			files = (
				3945001C1CEA097400532153 /* SwiftMachineLearningLibrary.framework in Frameworks */,
			);
			runOnlyForDeploymentPostprocessing = 0;
		};
		3960DB451D018B45004A5349 /* Frameworks */ = {
			isa = PBXFrameworksBuildPhase;
			buildActionMask = 2147483647;
			files = (
			);
			runOnlyForDeploymentPostprocessing = 0;
		};
/* End PBXFrameworksBuildPhase section */

/* Begin PBXGroup section */
		39320D5E1E782DA3009F53D4 /* SMLL Activations */ = {
			isa = PBXGroup;
			children = (
				39320D5F1E782DCB009F53D4 /* SMLLActivation.swift */,
				39320D621E782E6A009F53D4 /* SMLLSigmoid.swift */,
				39320D651E782F30009F53D4 /* SMLLRectifier.swift */,
			);
			path = "SMLL Activations";
			sourceTree = "<group>";
		};
		394500071CEA097400532153 = {
			isa = PBXGroup;
			children = (
				3960DB541D018D14004A5349 /* SwiftMachineLearningLibrary */,
				394500131CEA097400532153 /* SwiftMachineLearningLibrary Mac */,
				3960DB4A1D018B45004A5349 /* SwiftMachineLearningLibrary iOS */,
				3945001F1CEA097400532153 /* SwiftMachineLearningLibraryTests */,
				394500121CEA097400532153 /* Products */,
			);
			sourceTree = "<group>";
		};
		394500121CEA097400532153 /* Products */ = {
			isa = PBXGroup;
			children = (
				394500111CEA097400532153 /* SwiftMachineLearningLibrary.framework */,
				3945001B1CEA097400532153 /* SwiftMachineLearningLibraryTests.xctest */,
				3960DB491D018B45004A5349 /* SwiftMachineLearningLibrary.framework */,
			);
			name = Products;
			sourceTree = "<group>";
		};
		394500131CEA097400532153 /* SwiftMachineLearningLibrary Mac */ = {
			isa = PBXGroup;
			children = (
				394500141CEA097400532153 /* SwiftMachineLearningLibrary Mac.h */,
				394500161CEA097400532153 /* Info.plist */,
			);
			path = "SwiftMachineLearningLibrary Mac";
			sourceTree = "<group>";
		};
		3945001F1CEA097400532153 /* SwiftMachineLearningLibraryTests */ = {
			isa = PBXGroup;
			children = (
				396690BD1E6F4DBA00227155 /* IrisDataSet.csv */,
				394500331CEA0AF400532153 /* SMLLMatrixTests.swift */,
				396690BB1E6F460D00227155 /* SMLLNeuralNetworkIrisDataSetTest.swift */,
				39320D681E786FD2009F53D4 /* SMLLNeuralNetworkGradientChecks.swift */,
				394500221CEA097400532153 /* Info.plist */,
			);
			path = SwiftMachineLearningLibraryTests;
			sourceTree = "<group>";
		};
		3945002B1CEA097900532153 /* SMLL Maths */ = {
			isa = PBXGroup;
			children = (
				39B22A481E7153F200532C07 /* SMLLMathUtilities.swift */,
				3945002D1CEA099400532153 /* SMLLMatrix.swift */,
				3945002F1CEA09A900532153 /* SMLLOperators.swift */,
			);
			path = "SMLL Maths";
			sourceTree = "<group>";
		};
		3945002C1CEA098000532153 /* SMLL Feedforward Neural Network */ = {
			isa = PBXGroup;
			children = (
				394500311CEA09B700532153 /* SMLLFeedforwardNeuralNetwork.swift */,
			);
			path = "SMLL Feedforward Neural Network";
			sourceTree = "<group>";
		};
		3960DB4A1D018B45004A5349 /* SwiftMachineLearningLibrary iOS */ = {
			isa = PBXGroup;
			children = (
				3960DB4B1D018B45004A5349 /* SwiftMachineLearningLibrary iOS.h */,
				3960DB4D1D018B45004A5349 /* Info.plist */,
			);
			path = "SwiftMachineLearningLibrary iOS";
			sourceTree = "<group>";
		};
		3960DB541D018D14004A5349 /* SwiftMachineLearningLibrary */ = {
			isa = PBXGroup;
			children = (
				39320D5E1E782DA3009F53D4 /* SMLL Activations */,
				396690B11E6EDF2900227155 /* SMLL Utilities */,
				396690A51E6EA1AE00227155 /* SMLL Networks */,
				396724B41E6DF9EB00E9DDD8 /* SMLL Layers */,
				3945002C1CEA098000532153 /* SMLL Feedforward Neural Network */,
				3945002B1CEA097900532153 /* SMLL Maths */,
			);
			path = SwiftMachineLearningLibrary;
			sourceTree = "<group>";
		};
		396690A51E6EA1AE00227155 /* SMLL Networks */ = {
			isa = PBXGroup;
			children = (
				391DF65C1E746F2E002B01DF /* SMLLNeuralNetwork.swift */,
			);
			path = "SMLL Networks";
			sourceTree = "<group>";
		};
		396690B11E6EDF2900227155 /* SMLL Utilities */ = {
			isa = PBXGroup;
			children = (
				396690B21E6EDF4E00227155 /* SMLLShuffle.swift */,
			);
			path = "SMLL Utilities";
			sourceTree = "<group>";
		};
		396724B41E6DF9EB00E9DDD8 /* SMLL Layers */ = {
			isa = PBXGroup;
			children = (
				396724B51E6DFA1800E9DDD8 /* SMLLLayer.swift */,
				396724BA1E6DFEF600E9DDD8 /* SMLLFullyConnectedLayer.swift */,
				39B22A451E7005B000532C07 /* SMLLConvolutionLayer.swift */,
				39B22A4A1E71997500532C07 /* SMLLMaxPoolingLayer.swift */,
				3936C18F1E76E3B80026DB7D /* SMLLLayerShape.swift */,
			);
			path = "SMLL Layers";
			sourceTree = "<group>";
		};
/* End PBXGroup section */

/* Begin PBXHeadersBuildPhase section */
		3945000E1CEA097400532153 /* Headers */ = {
			isa = PBXHeadersBuildPhase;
			buildActionMask = 2147483647;
			files = (
				394500151CEA097400532153 /* SwiftMachineLearningLibrary Mac.h in Headers */,
			);
			runOnlyForDeploymentPostprocessing = 0;
		};
		3960DB461D018B45004A5349 /* Headers */ = {
			isa = PBXHeadersBuildPhase;
			buildActionMask = 2147483647;
			files = (
				3960DB4C1D018B45004A5349 /* SwiftMachineLearningLibrary iOS.h in Headers */,
			);
			runOnlyForDeploymentPostprocessing = 0;
		};
/* End PBXHeadersBuildPhase section */

/* Begin PBXNativeTarget section */
		394500101CEA097400532153 /* SwiftMachineLearningLibrary Mac */ = {
			isa = PBXNativeTarget;
			buildConfigurationList = 394500251CEA097400532153 /* Build configuration list for PBXNativeTarget "SwiftMachineLearningLibrary Mac" */;
			buildPhases = (
				3945000C1CEA097400532153 /* Sources */,
				3945000D1CEA097400532153 /* Frameworks */,
				3945000E1CEA097400532153 /* Headers */,
				3945000F1CEA097400532153 /* Resources */,
			);
			buildRules = (
			);
			dependencies = (
			);
			name = "SwiftMachineLearningLibrary Mac";
			productName = SwiftMachineLearningLibrary;
			productReference = 394500111CEA097400532153 /* SwiftMachineLearningLibrary.framework */;
			productType = "com.apple.product-type.framework";
		};
		3945001A1CEA097400532153 /* SwiftMachineLearningLibraryTests */ = {
			isa = PBXNativeTarget;
			buildConfigurationList = 394500281CEA097400532153 /* Build configuration list for PBXNativeTarget "SwiftMachineLearningLibraryTests" */;
			buildPhases = (
				394500171CEA097400532153 /* Sources */,
				394500181CEA097400532153 /* Frameworks */,
				394500191CEA097400532153 /* Resources */,
			);
			buildRules = (
			);
			dependencies = (
				3945001E1CEA097400532153 /* PBXTargetDependency */,
			);
			name = SwiftMachineLearningLibraryTests;
			productName = SwiftMachineLearningLibraryTests;
			productReference = 3945001B1CEA097400532153 /* SwiftMachineLearningLibraryTests.xctest */;
			productType = "com.apple.product-type.bundle.unit-test";
		};
		3960DB481D018B45004A5349 /* SwiftMachineLearningLibrary iOS */ = {
			isa = PBXNativeTarget;
			buildConfigurationList = 3960DB501D018B45004A5349 /* Build configuration list for PBXNativeTarget "SwiftMachineLearningLibrary iOS" */;
			buildPhases = (
				3960DB441D018B45004A5349 /* Sources */,
				3960DB451D018B45004A5349 /* Frameworks */,
				3960DB461D018B45004A5349 /* Headers */,
				3960DB471D018B45004A5349 /* Resources */,
			);
			buildRules = (
			);
			dependencies = (
			);
			name = "SwiftMachineLearningLibrary iOS";
			productName = "SwiftMachineLearningLibrary iOS";
			productReference = 3960DB491D018B45004A5349 /* SwiftMachineLearningLibrary.framework */;
			productType = "com.apple.product-type.framework";
		};
/* End PBXNativeTarget section */

/* Begin PBXProject section */
		394500081CEA097400532153 /* Project object */ = {
			isa = PBXProject;
			attributes = {
				LastSwiftUpdateCheck = 0730;
				LastUpgradeCheck = 0820;
				ORGANIZATIONNAME = "Felix Opolka";
				TargetAttributes = {
					394500101CEA097400532153 = {
						CreatedOnToolsVersion = 7.3.1;
						LastSwiftMigration = 0800;
					};
					3945001A1CEA097400532153 = {
						CreatedOnToolsVersion = 7.3.1;
						LastSwiftMigration = 0800;
					};
					3960DB481D018B45004A5349 = {
						CreatedOnToolsVersion = 7.3.1;
						LastSwiftMigration = 0800;
					};
				};
			};
			buildConfigurationList = 3945000B1CEA097400532153 /* Build configuration list for PBXProject "SwiftMachineLearningLibrary" */;
			compatibilityVersion = "Xcode 3.2";
			developmentRegion = English;
			hasScannedForEncodings = 0;
			knownRegions = (
				en,
			);
			mainGroup = 394500071CEA097400532153;
			productRefGroup = 394500121CEA097400532153 /* Products */;
			projectDirPath = "";
			projectRoot = "";
			targets = (
				394500101CEA097400532153 /* SwiftMachineLearningLibrary Mac */,
				3945001A1CEA097400532153 /* SwiftMachineLearningLibraryTests */,
				3960DB481D018B45004A5349 /* SwiftMachineLearningLibrary iOS */,
			);
		};
/* End PBXProject section */

/* Begin PBXResourcesBuildPhase section */
		3945000F1CEA097400532153 /* Resources */ = {
			isa = PBXResourcesBuildPhase;
			buildActionMask = 2147483647;
			files = (
			);
			runOnlyForDeploymentPostprocessing = 0;
		};
		394500191CEA097400532153 /* Resources */ = {
			isa = PBXResourcesBuildPhase;
			buildActionMask = 2147483647;
			files = (
				396690BE1E6F4DBA00227155 /* IrisDataSet.csv in Resources */,
			);
			runOnlyForDeploymentPostprocessing = 0;
		};
		3960DB471D018B45004A5349 /* Resources */ = {
			isa = PBXResourcesBuildPhase;
			buildActionMask = 2147483647;
			files = (
			);
			runOnlyForDeploymentPostprocessing = 0;
		};
/* End PBXResourcesBuildPhase section */

/* Begin PBXSourcesBuildPhase section */
		3945000C1CEA097400532153 /* Sources */ = {
			isa = PBXSourcesBuildPhase;
			buildActionMask = 2147483647;
			files = (
				39B22A4B1E71997500532C07 /* SMLLMaxPoolingLayer.swift in Sources */,
				396690B31E6EDF4E00227155 /* SMLLShuffle.swift in Sources */,
				396724BB1E6DFEF600E9DDD8 /* SMLLFullyConnectedLayer.swift in Sources */,
				39320D631E782E6A009F53D4 /* SMLLSigmoid.swift in Sources */,
				3936C1901E76E3B80026DB7D /* SMLLLayerShape.swift in Sources */,
				39320D661E782F30009F53D4 /* SMLLRectifier.swift in Sources */,
				3945002E1CEA099400532153 /* SMLLMatrix.swift in Sources */,
				39320D601E782DCB009F53D4 /* SMLLActivation.swift in Sources */,
				39B22A491E7153F200532C07 /* SMLLMathUtilities.swift in Sources */,
				391DF65D1E746F2E002B01DF /* SMLLNeuralNetwork.swift in Sources */,
				394500321CEA09B700532153 /* SMLLFeedforwardNeuralNetwork.swift in Sources */,
				394500301CEA09A900532153 /* SMLLOperators.swift in Sources */,
				39B22A461E7005B000532C07 /* SMLLConvolutionLayer.swift in Sources */,
				396724B61E6DFA1800E9DDD8 /* SMLLLayer.swift in Sources */,
			);
			runOnlyForDeploymentPostprocessing = 0;
		};
		394500171CEA097400532153 /* Sources */ = {
			isa = PBXSourcesBuildPhase;
			buildActionMask = 2147483647;
			files = (
				394500341CEA0AF400532153 /* SMLLMatrixTests.swift in Sources */,
				396690BC1E6F460D00227155 /* SMLLNeuralNetworkIrisDataSetTest.swift in Sources */,
				39320D691E786FD2009F53D4 /* SMLLNeuralNetworkGradientChecks.swift in Sources */,
			);
			runOnlyForDeploymentPostprocessing = 0;
		};
		3960DB441D018B45004A5349 /* Sources */ = {
			isa = PBXSourcesBuildPhase;
			buildActionMask = 2147483647;
			files = (
				396690B41E6EDF4E00227155 /* SMLLShuffle.swift in Sources */,
				3960DB511D018C1D004A5349 /* SMLLFeedforwardNeuralNetwork.swift in Sources */,
				39119C001E71D4C400E999BD /* SMLLMathUtilities.swift in Sources */,
				39320D641E782E6A009F53D4 /* SMLLSigmoid.swift in Sources */,
				396724BC1E6DFEF600E9DDD8 /* SMLLFullyConnectedLayer.swift in Sources */,
				39320D671E782F30009F53D4 /* SMLLRectifier.swift in Sources */,
				3960DB521D018C1D004A5349 /* SMLLMatrix.swift in Sources */,
				39320D611E782DCB009F53D4 /* SMLLActivation.swift in Sources */,
				397F22881E7554DF00334D06 /* SMLLNeuralNetwork.swift in Sources */,
				396724BD1E6E0E6D00E9DDD8 /* SMLLLayer.swift in Sources */,
				3936C1911E76E4340026DB7D /* SMLLLayerShape.swift in Sources */,
				39B22A471E707C5200532C07 /* SMLLConvolutionLayer.swift in Sources */,
				3960DB531D018C1D004A5349 /* SMLLOperators.swift in Sources */,
				39B22A4C1E71B14B00532C07 /* SMLLMaxPoolingLayer.swift in Sources */,
			);
			runOnlyForDeploymentPostprocessing = 0;
		};
/* End PBXSourcesBuildPhase section */

/* Begin PBXTargetDependency section */
		3945001E1CEA097400532153 /* PBXTargetDependency */ = {
			isa = PBXTargetDependency;
			target = 394500101CEA097400532153 /* SwiftMachineLearningLibrary Mac */;
			targetProxy = 3945001D1CEA097400532153 /* PBXContainerItemProxy */;
		};
/* End PBXTargetDependency section */

/* Begin XCBuildConfiguration section */
		394500231CEA097400532153 /* Debug */ = {
			isa = XCBuildConfiguration;
			buildSettings = {
				ALWAYS_SEARCH_USER_PATHS = NO;
				CLANG_ANALYZER_NONNULL = YES;
				CLANG_CXX_LANGUAGE_STANDARD = "gnu++0x";
				CLANG_CXX_LIBRARY = "libc++";
				CLANG_ENABLE_MODULES = YES;
				CLANG_ENABLE_OBJC_ARC = YES;
				CLANG_WARN_BOOL_CONVERSION = YES;
				CLANG_WARN_CONSTANT_CONVERSION = YES;
				CLANG_WARN_DIRECT_OBJC_ISA_USAGE = YES_ERROR;
				CLANG_WARN_EMPTY_BODY = YES;
				CLANG_WARN_ENUM_CONVERSION = YES;
				CLANG_WARN_INFINITE_RECURSION = YES;
				CLANG_WARN_INT_CONVERSION = YES;
				CLANG_WARN_OBJC_ROOT_CLASS = YES_ERROR;
				CLANG_WARN_SUSPICIOUS_MOVE = YES;
				CLANG_WARN_UNREACHABLE_CODE = YES;
				CLANG_WARN__DUPLICATE_METHOD_MATCH = YES;
				CODE_SIGN_IDENTITY = "-";
				COPY_PHASE_STRIP = NO;
				CURRENT_PROJECT_VERSION = 1;
				DEBUG_INFORMATION_FORMAT = dwarf;
				ENABLE_STRICT_OBJC_MSGSEND = YES;
				ENABLE_TESTABILITY = YES;
				GCC_C_LANGUAGE_STANDARD = gnu99;
				GCC_DYNAMIC_NO_PIC = NO;
				GCC_NO_COMMON_BLOCKS = YES;
				GCC_OPTIMIZATION_LEVEL = 0;
				GCC_PREPROCESSOR_DEFINITIONS = (
					"DEBUG=1",
					"$(inherited)",
				);
				GCC_WARN_64_TO_32_BIT_CONVERSION = YES;
				GCC_WARN_ABOUT_RETURN_TYPE = YES_ERROR;
				GCC_WARN_UNDECLARED_SELECTOR = YES;
				GCC_WARN_UNINITIALIZED_AUTOS = YES_AGGRESSIVE;
				GCC_WARN_UNUSED_FUNCTION = YES;
				GCC_WARN_UNUSED_VARIABLE = YES;
				MACOSX_DEPLOYMENT_TARGET = 10.11;
				MTL_ENABLE_DEBUG_INFO = YES;
				ONLY_ACTIVE_ARCH = YES;
				SDKROOT = macosx;
				SWIFT_OPTIMIZATION_LEVEL = "-Onone";
				VERSIONING_SYSTEM = "apple-generic";
				VERSION_INFO_PREFIX = "";
			};
			name = Debug;
		};
		394500241CEA097400532153 /* Release */ = {
			isa = XCBuildConfiguration;
			buildSettings = {
				ALWAYS_SEARCH_USER_PATHS = NO;
				CLANG_ANALYZER_NONNULL = YES;
				CLANG_CXX_LANGUAGE_STANDARD = "gnu++0x";
				CLANG_CXX_LIBRARY = "libc++";
				CLANG_ENABLE_MODULES = YES;
				CLANG_ENABLE_OBJC_ARC = YES;
				CLANG_WARN_BOOL_CONVERSION = YES;
				CLANG_WARN_CONSTANT_CONVERSION = YES;
				CLANG_WARN_DIRECT_OBJC_ISA_USAGE = YES_ERROR;
				CLANG_WARN_EMPTY_BODY = YES;
				CLANG_WARN_ENUM_CONVERSION = YES;
				CLANG_WARN_INFINITE_RECURSION = YES;
				CLANG_WARN_INT_CONVERSION = YES;
				CLANG_WARN_OBJC_ROOT_CLASS = YES_ERROR;
				CLANG_WARN_SUSPICIOUS_MOVE = YES;
				CLANG_WARN_UNREACHABLE_CODE = YES;
				CLANG_WARN__DUPLICATE_METHOD_MATCH = YES;
				CODE_SIGN_IDENTITY = "-";
				COPY_PHASE_STRIP = NO;
				CURRENT_PROJECT_VERSION = 1;
				DEBUG_INFORMATION_FORMAT = "dwarf-with-dsym";
				ENABLE_NS_ASSERTIONS = NO;
				ENABLE_STRICT_OBJC_MSGSEND = YES;
				GCC_C_LANGUAGE_STANDARD = gnu99;
				GCC_NO_COMMON_BLOCKS = YES;
				GCC_WARN_64_TO_32_BIT_CONVERSION = YES;
				GCC_WARN_ABOUT_RETURN_TYPE = YES_ERROR;
				GCC_WARN_UNDECLARED_SELECTOR = YES;
				GCC_WARN_UNINITIALIZED_AUTOS = YES_AGGRESSIVE;
				GCC_WARN_UNUSED_FUNCTION = YES;
				GCC_WARN_UNUSED_VARIABLE = YES;
				MACOSX_DEPLOYMENT_TARGET = 10.11;
				MTL_ENABLE_DEBUG_INFO = NO;
				SDKROOT = macosx;
				SWIFT_OPTIMIZATION_LEVEL = "-Owholemodule";
				VERSIONING_SYSTEM = "apple-generic";
				VERSION_INFO_PREFIX = "";
			};
			name = Release;
		};
		394500261CEA097400532153 /* Debug */ = {
			isa = XCBuildConfiguration;
			buildSettings = {
				CLANG_ENABLE_MODULES = YES;
				COMBINE_HIDPI_IMAGES = YES;
				DEFINES_MODULE = YES;
				DYLIB_COMPATIBILITY_VERSION = 1;
				DYLIB_CURRENT_VERSION = 1;
				DYLIB_INSTALL_NAME_BASE = "@rpath";
				FRAMEWORK_VERSION = A;
				INFOPLIST_FILE = "SwiftMachineLearningLibrary Mac/Info.plist";
				INSTALL_PATH = "$(LOCAL_LIBRARY_DIR)/Frameworks";
				LD_RUNPATH_SEARCH_PATHS = "$(inherited) @executable_path/../Frameworks @loader_path/Frameworks";
				PRODUCT_BUNDLE_IDENTIFIER = com.felixopolka.SwiftMachineLearningLibrary;
				PRODUCT_NAME = SwiftMachineLearningLibrary;
				SKIP_INSTALL = YES;
				SWIFT_OPTIMIZATION_LEVEL = "-Onone";
				SWIFT_VERSION = 3.0;
			};
			name = Debug;
		};
		394500271CEA097400532153 /* Release */ = {
			isa = XCBuildConfiguration;
			buildSettings = {
				CLANG_ENABLE_MODULES = YES;
				COMBINE_HIDPI_IMAGES = YES;
				DEFINES_MODULE = YES;
				DYLIB_COMPATIBILITY_VERSION = 1;
				DYLIB_CURRENT_VERSION = 1;
				DYLIB_INSTALL_NAME_BASE = "@rpath";
				FRAMEWORK_VERSION = A;
				INFOPLIST_FILE = "SwiftMachineLearningLibrary Mac/Info.plist";
				INSTALL_PATH = "$(LOCAL_LIBRARY_DIR)/Frameworks";
				LD_RUNPATH_SEARCH_PATHS = "$(inherited) @executable_path/../Frameworks @loader_path/Frameworks";
				PRODUCT_BUNDLE_IDENTIFIER = com.felixopolka.SwiftMachineLearningLibrary;
				PRODUCT_NAME = SwiftMachineLearningLibrary;
				SKIP_INSTALL = YES;
				SWIFT_VERSION = 3.0;
			};
			name = Release;
		};
		394500291CEA097400532153 /* Debug */ = {
			isa = XCBuildConfiguration;
			buildSettings = {
				COMBINE_HIDPI_IMAGES = YES;
				INFOPLIST_FILE = SwiftMachineLearningLibraryTests/Info.plist;
				LD_RUNPATH_SEARCH_PATHS = "$(inherited) @executable_path/../Frameworks @loader_path/../Frameworks";
				PRODUCT_BUNDLE_IDENTIFIER = com.felixopolka.SwiftMachineLearningLibraryTests;
				PRODUCT_NAME = "$(TARGET_NAME)";
				SWIFT_VERSION = 3.0;
			};
			name = Debug;
		};
		3945002A1CEA097400532153 /* Release */ = {
			isa = XCBuildConfiguration;
			buildSettings = {
				COMBINE_HIDPI_IMAGES = YES;
				INFOPLIST_FILE = SwiftMachineLearningLibraryTests/Info.plist;
				LD_RUNPATH_SEARCH_PATHS = "$(inherited) @executable_path/../Frameworks @loader_path/../Frameworks";
				PRODUCT_BUNDLE_IDENTIFIER = com.felixopolka.SwiftMachineLearningLibraryTests;
				PRODUCT_NAME = "$(TARGET_NAME)";
				SWIFT_VERSION = 3.0;
			};
			name = Release;
		};
		3960DB4E1D018B45004A5349 /* Debug */ = {
			isa = XCBuildConfiguration;
			buildSettings = {
				"CODE_SIGN_IDENTITY[sdk=iphoneos*]" = "";
				DEFINES_MODULE = YES;
				DYLIB_COMPATIBILITY_VERSION = 1;
				DYLIB_CURRENT_VERSION = 1;
				DYLIB_INSTALL_NAME_BASE = "@rpath";
				INFOPLIST_FILE = "SwiftMachineLearningLibrary iOS/Info.plist";
				INSTALL_PATH = "$(LOCAL_LIBRARY_DIR)/Frameworks";
				IPHONEOS_DEPLOYMENT_TARGET = 9.3;
				LD_RUNPATH_SEARCH_PATHS = "$(inherited) @executable_path/Frameworks @loader_path/Frameworks";
				PRODUCT_BUNDLE_IDENTIFIER = "com.felixopolka.SwiftMachineLearningLibrary-iOS";
				PRODUCT_NAME = SwiftMachineLearningLibrary;
				SDKROOT = iphoneos;
				SKIP_INSTALL = YES;
				SWIFT_VERSION = 3.0;
				TARGETED_DEVICE_FAMILY = "1,2";
			};
			name = Debug;
		};
		3960DB4F1D018B45004A5349 /* Release */ = {
			isa = XCBuildConfiguration;
			buildSettings = {
				"CODE_SIGN_IDENTITY[sdk=iphoneos*]" = "";
				DEFINES_MODULE = YES;
				DYLIB_COMPATIBILITY_VERSION = 1;
				DYLIB_CURRENT_VERSION = 1;
				DYLIB_INSTALL_NAME_BASE = "@rpath";
				INFOPLIST_FILE = "SwiftMachineLearningLibrary iOS/Info.plist";
				INSTALL_PATH = "$(LOCAL_LIBRARY_DIR)/Frameworks";
				IPHONEOS_DEPLOYMENT_TARGET = 9.3;
				LD_RUNPATH_SEARCH_PATHS = "$(inherited) @executable_path/Frameworks @loader_path/Frameworks";
				PRODUCT_BUNDLE_IDENTIFIER = "com.felixopolka.SwiftMachineLearningLibrary-iOS";
				PRODUCT_NAME = SwiftMachineLearningLibrary;
				SDKROOT = iphoneos;
				SKIP_INSTALL = YES;
				SWIFT_VERSION = 3.0;
				TARGETED_DEVICE_FAMILY = "1,2";
				VALIDATE_PRODUCT = YES;
			};
			name = Release;
		};
/* End XCBuildConfiguration section */

/* Begin XCConfigurationList section */
		3945000B1CEA097400532153 /* Build configuration list for PBXProject "SwiftMachineLearningLibrary" */ = {
			isa = XCConfigurationList;
			buildConfigurations = (
				394500231CEA097400532153 /* Debug */,
				394500241CEA097400532153 /* Release */,
			);
			defaultConfigurationIsVisible = 0;
			defaultConfigurationName = Release;
		};
		394500251CEA097400532153 /* Build configuration list for PBXNativeTarget "SwiftMachineLearningLibrary Mac" */ = {
			isa = XCConfigurationList;
			buildConfigurations = (
				394500261CEA097400532153 /* Debug */,
				394500271CEA097400532153 /* Release */,
			);
			defaultConfigurationIsVisible = 0;
			defaultConfigurationName = Release;
		};
		394500281CEA097400532153 /* Build configuration list for PBXNativeTarget "SwiftMachineLearningLibraryTests" */ = {
			isa = XCConfigurationList;
			buildConfigurations = (
				394500291CEA097400532153 /* Debug */,
				3945002A1CEA097400532153 /* Release */,
			);
			defaultConfigurationIsVisible = 0;
			defaultConfigurationName = Release;
		};
		3960DB501D018B45004A5349 /* Build configuration list for PBXNativeTarget "SwiftMachineLearningLibrary iOS" */ = {
			isa = XCConfigurationList;
			buildConfigurations = (
				3960DB4E1D018B45004A5349 /* Debug */,
				3960DB4F1D018B45004A5349 /* Release */,
			);
			defaultConfigurationIsVisible = 0;
			defaultConfigurationName = Release;
		};
/* End XCConfigurationList section */
	};
	rootObject = 394500081CEA097400532153 /* Project object */;
}
